
Microsoft Visual Studio Solution File, Format Version 12.00
# Visual Studio Version 17
VisualStudioVersion = 17.8.34330.188
MinimumVisualStudioVersion = 10.0.40219.1
Project("{FAE04EC0-301F-11D3-BF4B-00C04F79EFBC}") = "StockMarket", "StockMarket.csproj", "{44C27DB0-DAE9-4523-9ADA-5B0B6FE0231A}"
EndProject
Global
	GlobalSection(SolutionConfigurationPlatforms) = preSolution
		Debug|Any CPU = Debug|Any CPU
		Release|Any CPU = Release|Any CPU
	EndGlobalSection
	GlobalSection(ProjectConfigurationPlatforms) = postSolution
		{44C27DB0-DAE9-4523-9ADA-5B0B6FE0231A}.Debug|Any CPU.ActiveCfg = Debug|Any CPU
		{44C27DB0-DAE9-4523-9ADA-5B0B6FE0231A}.Debug|Any CPU.Build.0 = Debug|Any CPU
		{44C27DB0-DAE9-4523-9ADA-5B0B6FE0231A}.Release|Any CPU.ActiveCfg = Release|Any CPU
		{44C27DB0-DAE9-4523-9ADA-5B0B6FE0231A}.Release|Any CPU.Build.0 = Release|Any CPU
	EndGlobalSection
	GlobalSection(SolutionProperties) = preSolution
		HideSolutionNode = FALSE
	EndGlobalSection
	GlobalSection(ExtensibilityGlobals) = postSolution
		SolutionGuid = {4ADC9B3E-E751-42F6-BE95-6C1A6206E8B6}
	EndGlobalSection
EndGlobal
